{
  "requires": true,
  "lockfileVersion": 1,
  "dependencies": {
    "@chainlink/contracts": {
      "version": "0.2.1",
      "resolved": "https://registry.npmjs.org/@chainlink/contracts/-/contracts-0.2.1.tgz",
      "integrity": "sha512-mAQgPQKiqW3tLMlp31NgcnXpwG3lttgKU0izAqKiirJ9LH7rQ+O0oHIVR5Qp2yuqgmfbLsgfdLo4GcVC8IFz3Q=="
    }
  }
}
